// !$*UTF8*$!
{
	archiveVersion = 1;
	classes = {
	};
	objectVersion = 55;
	objects = {

/* Begin PBXBuildFile section */
		8AF30FFB28A2E385003B6730 /* AppDelegate.swift in Sources */ = {isa = PBXBuildFile; fileRef = 8AF30FFA28A2E385003B6730 /* AppDelegate.swift */; };
		8AF30FFD28A2E385003B6730 /* SceneDelegate.swift in Sources */ = {isa = PBXBuildFile; fileRef = 8AF30FFC28A2E385003B6730 /* SceneDelegate.swift */; };
		8AF30FFF28A2E385003B6730 /* SplashScreeenViewController.swift in Sources */ = {isa = PBXBuildFile; fileRef = 8AF30FFE28A2E385003B6730 /* SplashScreeenViewController.swift */; };
		8AF3100228A2E385003B6730 /* Main.storyboard in Resources */ = {isa = PBXBuildFile; fileRef = 8AF3100028A2E385003B6730 /* Main.storyboard */; };
		8AF3100428A2E387003B6730 /* Assets.xcassets in Resources */ = {isa = PBXBuildFile; fileRef = 8AF3100328A2E387003B6730 /* Assets.xcassets */; };
		8AF3100728A2E387003B6730 /* LaunchScreen.storyboard in Resources */ = {isa = PBXBuildFile; fileRef = 8AF3100528A2E387003B6730 /* LaunchScreen.storyboard */; };
		8AF3101228A2E387003B6730 /* Life_Rando_TaskTests.swift in Sources */ = {isa = PBXBuildFile; fileRef = 8AF3101128A2E387003B6730 /* Life_Rando_TaskTests.swift */; };
		8AF3101C28A2E388003B6730 /* Life_Rando_TaskUITests.swift in Sources */ = {isa = PBXBuildFile; fileRef = 8AF3101B28A2E388003B6730 /* Life_Rando_TaskUITests.swift */; };
		8AF3101E28A2E388003B6730 /* Life_Rando_TaskUITestsLaunchTests.swift in Sources */ = {isa = PBXBuildFile; fileRef = 8AF3101D28A2E388003B6730 /* Life_Rando_TaskUITestsLaunchTests.swift */; };
		8AF3103428A2E818003B6730 /* HomeListViewController.swift in Sources */ = {isa = PBXBuildFile; fileRef = 8AF3103328A2E818003B6730 /* HomeListViewController.swift */; };
		8AF3103628A2F1B8003B6730 /* SplashScreenViewModel.swift in Sources */ = {isa = PBXBuildFile; fileRef = 8AF3103528A2F1B8003B6730 /* SplashScreenViewModel.swift */; };
		8AF3103828A2F1CF003B6730 /* SplashScreenCoordinator.swift in Sources */ = {isa = PBXBuildFile; fileRef = 8AF3103728A2F1CF003B6730 /* SplashScreenCoordinator.swift */; };
		8AF3103A28A2F513003B6730 /* HomeListViewModel.swift in Sources */ = {isa = PBXBuildFile; fileRef = 8AF3103928A2F513003B6730 /* HomeListViewModel.swift */; };
		8AF3103C28A2F56C003B6730 /* HomeListCoordinator.swift in Sources */ = {isa = PBXBuildFile; fileRef = 8AF3103B28A2F56C003B6730 /* HomeListCoordinator.swift */; };
/* End PBXBuildFile section */

/* Begin PBXContainerItemProxy section */
		8AF3100E28A2E387003B6730 /* PBXContainerItemProxy */ = {
			isa = PBXContainerItemProxy;
			containerPortal = 8AF30FEF28A2E384003B6730 /* Project object */;
			proxyType = 1;
			remoteGlobalIDString = 8AF30FF628A2E385003B6730;
			remoteInfo = "Life Rando Task";
		};
		8AF3101828A2E388003B6730 /* PBXContainerItemProxy */ = {
			isa = PBXContainerItemProxy;
			containerPortal = 8AF30FEF28A2E384003B6730 /* Project object */;
			proxyType = 1;
			remoteGlobalIDString = 8AF30FF628A2E385003B6730;
			remoteInfo = "Life Rando Task";
		};
/* End PBXContainerItemProxy section */

/* Begin PBXFileReference section */
		8AF30FF728A2E385003B6730 /* Life Rando Task.app */ = {isa = PBXFileReference; explicitFileType = wrapper.application; includeInIndex = 0; path = "Life Rando Task.app"; sourceTree = BUILT_PRODUCTS_DIR; };
		8AF30FFA28A2E385003B6730 /* AppDelegate.swift */ = {isa = PBXFileReference; lastKnownFileType = sourcecode.swift; path = AppDelegate.swift; sourceTree = "<group>"; };
		8AF30FFC28A2E385003B6730 /* SceneDelegate.swift */ = {isa = PBXFileReference; lastKnownFileType = sourcecode.swift; path = SceneDelegate.swift; sourceTree = "<group>"; };
		8AF30FFE28A2E385003B6730 /* SplashScreeenViewController.swift */ = {isa = PBXFileReference; lastKnownFileType = sourcecode.swift; path = SplashScreeenViewController.swift; sourceTree = "<group>"; };
		8AF3100128A2E385003B6730 /* Base */ = {isa = PBXFileReference; lastKnownFileType = file.storyboard; name = Base; path = Base.lproj/Main.storyboard; sourceTree = "<group>"; };
		8AF3100328A2E387003B6730 /* Assets.xcassets */ = {isa = PBXFileReference; lastKnownFileType = folder.assetcatalog; path = Assets.xcassets; sourceTree = "<group>"; };
		8AF3100628A2E387003B6730 /* Base */ = {isa = PBXFileReference; lastKnownFileType = file.storyboard; name = Base; path = Base.lproj/LaunchScreen.storyboard; sourceTree = "<group>"; };
		8AF3100828A2E387003B6730 /* Info.plist */ = {isa = PBXFileReference; lastKnownFileType = text.plist.xml; path = Info.plist; sourceTree = "<group>"; };
		8AF3100D28A2E387003B6730 /* Life Rando TaskTests.xctest */ = {isa = PBXFileReference; explicitFileType = wrapper.cfbundle; includeInIndex = 0; path = "Life Rando TaskTests.xctest"; sourceTree = BUILT_PRODUCTS_DIR; };
		8AF3101128A2E387003B6730 /* Life_Rando_TaskTests.swift */ = {isa = PBXFileReference; lastKnownFileType = sourcecode.swift; path = Life_Rando_TaskTests.swift; sourceTree = "<group>"; };
		8AF3101728A2E388003B6730 /* Life Rando TaskUITests.xctest */ = {isa = PBXFileReference; explicitFileType = wrapper.cfbundle; includeInIndex = 0; path = "Life Rando TaskUITests.xctest"; sourceTree = BUILT_PRODUCTS_DIR; };
		8AF3101B28A2E388003B6730 /* Life_Rando_TaskUITests.swift */ = {isa = PBXFileReference; lastKnownFileType = sourcecode.swift; path = Life_Rando_TaskUITests.swift; sourceTree = "<group>"; };
		8AF3101D28A2E388003B6730 /* Life_Rando_TaskUITestsLaunchTests.swift */ = {isa = PBXFileReference; lastKnownFileType = sourcecode.swift; path = Life_Rando_TaskUITestsLaunchTests.swift; sourceTree = "<group>"; };
		8AF3103328A2E818003B6730 /* HomeListViewController.swift */ = {isa = PBXFileReference; lastKnownFileType = sourcecode.swift; path = HomeListViewController.swift; sourceTree = "<group>"; };
		8AF3103528A2F1B8003B6730 /* SplashScreenViewModel.swift */ = {isa = PBXFileReference; lastKnownFileType = sourcecode.swift; path = SplashScreenViewModel.swift; sourceTree = "<group>"; };
		8AF3103728A2F1CF003B6730 /* SplashScreenCoordinator.swift */ = {isa = PBXFileReference; lastKnownFileType = sourcecode.swift; path = SplashScreenCoordinator.swift; sourceTree = "<group>"; };
		8AF3103928A2F513003B6730 /* HomeListViewModel.swift */ = {isa = PBXFileReference; lastKnownFileType = sourcecode.swift; path = HomeListViewModel.swift; sourceTree = "<group>"; };
		8AF3103B28A2F56C003B6730 /* HomeListCoordinator.swift */ = {isa = PBXFileReference; lastKnownFileType = sourcecode.swift; path = HomeListCoordinator.swift; sourceTree = "<group>"; };
/* End PBXFileReference section */

/* Begin PBXFrameworksBuildPhase section */
		8AF30FF428A2E385003B6730 /* Frameworks */ = {
			isa = PBXFrameworksBuildPhase;
			buildActionMask = 2147483647;
			files = (
			);
			runOnlyForDeploymentPostprocessing = 0;
		};
		8AF3100A28A2E387003B6730 /* Frameworks */ = {
			isa = PBXFrameworksBuildPhase;
			buildActionMask = 2147483647;
			files = (
			);
			runOnlyForDeploymentPostprocessing = 0;
		};
		8AF3101428A2E388003B6730 /* Frameworks */ = {
			isa = PBXFrameworksBuildPhase;
			buildActionMask = 2147483647;
			files = (
			);
			runOnlyForDeploymentPostprocessing = 0;
		};
/* End PBXFrameworksBuildPhase section */

/* Begin PBXGroup section */
		8AF30FEE28A2E384003B6730 = {
			isa = PBXGroup;
			children = (
				8AF30FF928A2E385003B6730 /* Life Rando Task */,
				8AF3101028A2E387003B6730 /* Life Rando TaskTests */,
				8AF3101A28A2E388003B6730 /* Life Rando TaskUITests */,
				8AF30FF828A2E385003B6730 /* Products */,
			);
			sourceTree = "<group>";
		};
		8AF30FF828A2E385003B6730 /* Products */ = {
			isa = PBXGroup;
			children = (
				8AF30FF728A2E385003B6730 /* Life Rando Task.app */,
				8AF3100D28A2E387003B6730 /* Life Rando TaskTests.xctest */,
				8AF3101728A2E388003B6730 /* Life Rando TaskUITests.xctest */,
			);
			name = Products;
			sourceTree = "<group>";
		};
		8AF30FF928A2E385003B6730 /* Life Rando Task */ = {
			isa = PBXGroup;
			children = (
				8AF3103228A2E455003B6730 /* Home */,
				8AF3103128A2E44B003B6730 /* Splash */,
				8AF3103028A2E439003B6730 /* Data Models */,
				8AF3102F28A2E424003B6730 /* Extenstions */,
				8AF3102E28A2E413003B6730 /* Helpers */,
				8AF3102D28A2E3DC003B6730 /* Storyboards */,
				8AF3102C28A2E3D0003B6730 /* Resources */,
				8AF3102B28A2E3BE003B6730 /* Configuration */,
				8AF3102A28A2E3B7003B6730 /* Core */,
			);
			path = "Life Rando Task";
			sourceTree = "<group>";
		};
		8AF3101028A2E387003B6730 /* Life Rando TaskTests */ = {
			isa = PBXGroup;
			children = (
				8AF3101128A2E387003B6730 /* Life_Rando_TaskTests.swift */,
			);
			path = "Life Rando TaskTests";
			sourceTree = "<group>";
		};
		8AF3101A28A2E388003B6730 /* Life Rando TaskUITests */ = {
			isa = PBXGroup;
			children = (
				8AF3101B28A2E388003B6730 /* Life_Rando_TaskUITests.swift */,
				8AF3101D28A2E388003B6730 /* Life_Rando_TaskUITestsLaunchTests.swift */,
			);
			path = "Life Rando TaskUITests";
			sourceTree = "<group>";
		};
		8AF3102A28A2E3B7003B6730 /* Core */ = {
			isa = PBXGroup;
			children = (
				8AF30FFC28A2E385003B6730 /* SceneDelegate.swift */,
				8AF30FFA28A2E385003B6730 /* AppDelegate.swift */,
			);
			path = Core;
			sourceTree = "<group>";
		};
		8AF3102B28A2E3BE003B6730 /* Configuration */ = {
			isa = PBXGroup;
			children = (
				8AF3100828A2E387003B6730 /* Info.plist */,
			);
			path = Configuration;
			sourceTree = "<group>";
		};
		8AF3102C28A2E3D0003B6730 /* Resources */ = {
			isa = PBXGroup;
			children = (
				8AF3100528A2E387003B6730 /* LaunchScreen.storyboard */,
				8AF3100328A2E387003B6730 /* Assets.xcassets */,
			);
			path = Resources;
			sourceTree = "<group>";
		};
		8AF3102D28A2E3DC003B6730 /* Storyboards */ = {
			isa = PBXGroup;
			children = (
				8AF3100028A2E385003B6730 /* Main.storyboard */,
			);
			path = Storyboards;
			sourceTree = "<group>";
		};
		8AF3102E28A2E413003B6730 /* Helpers */ = {
			isa = PBXGroup;
			children = (
			);
			path = Helpers;
			sourceTree = "<group>";
		};
		8AF3102F28A2E424003B6730 /* Extenstions */ = {
			isa = PBXGroup;
			children = (
			);
			path = Extenstions;
			sourceTree = "<group>";
		};
		8AF3103028A2E439003B6730 /* Data Models */ = {
			isa = PBXGroup;
			children = (
			);
			path = "Data Models";
			sourceTree = "<group>";
		};
		8AF3103128A2E44B003B6730 /* Splash */ = {
			isa = PBXGroup;
			children = (
				8AF30FFE28A2E385003B6730 /* SplashScreeenViewController.swift */,
				8AF3103528A2F1B8003B6730 /* SplashScreenViewModel.swift */,
				8AF3103728A2F1CF003B6730 /* SplashScreenCoordinator.swift */,
			);
			path = Splash;
			sourceTree = "<group>";
		};
		8AF3103228A2E455003B6730 /* Home */ = {
			isa = PBXGroup;
			children = (
				8AF3103328A2E818003B6730 /* HomeListViewController.swift */,
				8AF3103928A2F513003B6730 /* HomeListViewModel.swift */,
				8AF3103B28A2F56C003B6730 /* HomeListCoordinator.swift */,
			);
			path = Home;
			sourceTree = "<group>";
		};
/* End PBXGroup section */

/* Begin PBXNativeTarget section */
		8AF30FF628A2E385003B6730 /* Life Rando Task */ = {
			isa = PBXNativeTarget;
			buildConfigurationList = 8AF3102128A2E388003B6730 /* Build configuration list for PBXNativeTarget "Life Rando Task" */;
			buildPhases = (
				8AF30FF328A2E385003B6730 /* Sources */,
				8AF30FF428A2E385003B6730 /* Frameworks */,
				8AF30FF528A2E385003B6730 /* Resources */,
			);
			buildRules = (
			);
			dependencies = (
			);
			name = "Life Rando Task";
			productName = "Life Rando Task";
			productReference = 8AF30FF728A2E385003B6730 /* Life Rando Task.app */;
			productType = "com.apple.product-type.application";
		};
		8AF3100C28A2E387003B6730 /* Life Rando TaskTests */ = {
			isa = PBXNativeTarget;
			buildConfigurationList = 8AF3102428A2E388003B6730 /* Build configuration list for PBXNativeTarget "Life Rando TaskTests" */;
			buildPhases = (
				8AF3100928A2E387003B6730 /* Sources */,
				8AF3100A28A2E387003B6730 /* Frameworks */,
				8AF3100B28A2E387003B6730 /* Resources */,
			);
			buildRules = (
			);
			dependencies = (
				8AF3100F28A2E387003B6730 /* PBXTargetDependency */,
			);
			name = "Life Rando TaskTests";
			productName = "Life Rando TaskTests";
			productReference = 8AF3100D28A2E387003B6730 /* Life Rando TaskTests.xctest */;
			productType = "com.apple.product-type.bundle.unit-test";
		};
		8AF3101628A2E388003B6730 /* Life Rando TaskUITests */ = {
			isa = PBXNativeTarget;
			buildConfigurationList = 8AF3102728A2E388003B6730 /* Build configuration list for PBXNativeTarget "Life Rando TaskUITests" */;
			buildPhases = (
				8AF3101328A2E388003B6730 /* Sources */,
				8AF3101428A2E388003B6730 /* Frameworks */,
				8AF3101528A2E388003B6730 /* Resources */,
			);
			buildRules = (
			);
			dependencies = (
				8AF3101928A2E388003B6730 /* PBXTargetDependency */,
			);
			name = "Life Rando TaskUITests";
			productName = "Life Rando TaskUITests";
			productReference = 8AF3101728A2E388003B6730 /* Life Rando TaskUITests.xctest */;
			productType = "com.apple.product-type.bundle.ui-testing";
		};
/* End PBXNativeTarget section */

/* Begin PBXProject section */
		8AF30FEF28A2E384003B6730 /* Project object */ = {
			isa = PBXProject;
			attributes = {
				BuildIndependentTargetsInParallel = 1;
				LastSwiftUpdateCheck = 1310;
				LastUpgradeCheck = 1310;
				TargetAttributes = {
					8AF30FF628A2E385003B6730 = {
						CreatedOnToolsVersion = 13.1;
					};
					8AF3100C28A2E387003B6730 = {
						CreatedOnToolsVersion = 13.1;
						TestTargetID = 8AF30FF628A2E385003B6730;
					};
					8AF3101628A2E388003B6730 = {
						CreatedOnToolsVersion = 13.1;
						TestTargetID = 8AF30FF628A2E385003B6730;
					};
				};
			};
			buildConfigurationList = 8AF30FF228A2E384003B6730 /* Build configuration list for PBXProject "Life Rando Task" */;
			compatibilityVersion = "Xcode 13.0";
			developmentRegion = en;
			hasScannedForEncodings = 0;
			knownRegions = (
				en,
				Base,
			);
			mainGroup = 8AF30FEE28A2E384003B6730;
			productRefGroup = 8AF30FF828A2E385003B6730 /* Products */;
			projectDirPath = "";
			projectRoot = "";
			targets = (
				8AF30FF628A2E385003B6730 /* Life Rando Task */,
				8AF3100C28A2E387003B6730 /* Life Rando TaskTests */,
				8AF3101628A2E388003B6730 /* Life Rando TaskUITests */,
			);
		};
/* End PBXProject section */

/* Begin PBXResourcesBuildPhase section */
		8AF30FF528A2E385003B6730 /* Resources */ = {
			isa = PBXResourcesBuildPhase;
			buildActionMask = 2147483647;
			files = (
				8AF3100728A2E387003B6730 /* LaunchScreen.storyboard in Resources */,
				8AF3100428A2E387003B6730 /* Assets.xcassets in Resources */,
				8AF3100228A2E385003B6730 /* Main.storyboard in Resources */,
			);
			runOnlyForDeploymentPostprocessing = 0;
		};
		8AF3100B28A2E387003B6730 /* Resources */ = {
			isa = PBXResourcesBuildPhase;
			buildActionMask = 2147483647;
			files = (
			);
			runOnlyForDeploymentPostprocessing = 0;
		};
		8AF3101528A2E388003B6730 /* Resources */ = {
			isa = PBXResourcesBuildPhase;
			buildActionMask = 2147483647;
			files = (
			);
			runOnlyForDeploymentPostprocessing = 0;
		};
/* End PBXResourcesBuildPhase section */

/* Begin PBXSourcesBuildPhase section */
		8AF30FF328A2E385003B6730 /* Sources */ = {
			isa = PBXSourcesBuildPhase;
			buildActionMask = 2147483647;
			files = (
				8AF3103628A2F1B8003B6730 /* SplashScreenViewModel.swift in Sources */,
				8AF30FFF28A2E385003B6730 /* SplashScreeenViewController.swift in Sources */,
				8AF30FFB28A2E385003B6730 /* AppDelegate.swift in Sources */,
				8AF3103828A2F1CF003B6730 /* SplashScreenCoordinator.swift in Sources */,
				8AF3103A28A2F513003B6730 /* HomeListViewModel.swift in Sources */,
				8AF3103C28A2F56C003B6730 /* HomeListCoordinator.swift in Sources */,
				8AF30FFD28A2E385003B6730 /* SceneDelegate.swift in Sources */,
				8AF3103428A2E818003B6730 /* HomeListViewController.swift in Sources */,
			);
			runOnlyForDeploymentPostprocessing = 0;
		};
		8AF3100928A2E387003B6730 /* Sources */ = {
			isa = PBXSourcesBuildPhase;
			buildActionMask = 2147483647;
			files = (
				8AF3101228A2E387003B6730 /* Life_Rando_TaskTests.swift in Sources */,
			);
			runOnlyForDeploymentPostprocessing = 0;
		};
		8AF3101328A2E388003B6730 /* Sources */ = {
			isa = PBXSourcesBuildPhase;
			buildActionMask = 2147483647;
			files = (
				8AF3101E28A2E388003B6730 /* Life_Rando_TaskUITestsLaunchTests.swift in Sources */,
				8AF3101C28A2E388003B6730 /* Life_Rando_TaskUITests.swift in Sources */,
			);
			runOnlyForDeploymentPostprocessing = 0;
		};
/* End PBXSourcesBuildPhase section */

/* Begin PBXTargetDependency section */
		8AF3100F28A2E387003B6730 /* PBXTargetDependency */ = {
			isa = PBXTargetDependency;
			target = 8AF30FF628A2E385003B6730 /* Life Rando Task */;
			targetProxy = 8AF3100E28A2E387003B6730 /* PBXContainerItemProxy */;
		};
		8AF3101928A2E388003B6730 /* PBXTargetDependency */ = {
			isa = PBXTargetDependency;
			target = 8AF30FF628A2E385003B6730 /* Life Rando Task */;
			targetProxy = 8AF3101828A2E388003B6730 /* PBXContainerItemProxy */;
		};
/* End PBXTargetDependency section */

/* Begin PBXVariantGroup section */
		8AF3100028A2E385003B6730 /* Main.storyboard */ = {
			isa = PBXVariantGroup;
			children = (
				8AF3100128A2E385003B6730 /* Base */,
			);
			name = Main.storyboard;
			sourceTree = "<group>";
		};
		8AF3100528A2E387003B6730 /* LaunchScreen.storyboard */ = {
			isa = PBXVariantGroup;
			children = (
				8AF3100628A2E387003B6730 /* Base */,
			);
			name = LaunchScreen.storyboard;
			sourceTree = "<group>";
		};
/* End PBXVariantGroup section */

/* Begin XCBuildConfiguration section */
		8AF3101F28A2E388003B6730 /* Debug */ = {
			isa = XCBuildConfiguration;
			buildSettings = {
				ALWAYS_SEARCH_USER_PATHS = NO;
				CLANG_ANALYZER_NONNULL = YES;
				CLANG_ANALYZER_NUMBER_OBJECT_CONVERSION = YES_AGGRESSIVE;
				CLANG_CXX_LANGUAGE_STANDARD = "gnu++17";
				CLANG_CXX_LIBRARY = "libc++";
				CLANG_ENABLE_MODULES = YES;
				CLANG_ENABLE_OBJC_ARC = YES;
				CLANG_ENABLE_OBJC_WEAK = YES;
				CLANG_WARN_BLOCK_CAPTURE_AUTORELEASING = YES;
				CLANG_WARN_BOOL_CONVERSION = YES;
				CLANG_WARN_COMMA = YES;
				CLANG_WARN_CONSTANT_CONVERSION = YES;
				CLANG_WARN_DEPRECATED_OBJC_IMPLEMENTATIONS = YES;
				CLANG_WARN_DIRECT_OBJC_ISA_USAGE = YES_ERROR;
				CLANG_WARN_DOCUMENTATION_COMMENTS = YES;
				CLANG_WARN_EMPTY_BODY = YES;
				CLANG_WARN_ENUM_CONVERSION = YES;
				CLANG_WARN_INFINITE_RECURSION = YES;
				CLANG_WARN_INT_CONVERSION = YES;
				CLANG_WARN_NON_LITERAL_NULL_CONVERSION = YES;
				CLANG_WARN_OBJC_IMPLICIT_RETAIN_SELF = YES;
				CLANG_WARN_OBJC_LITERAL_CONVERSION = YES;
				CLANG_WARN_OBJC_ROOT_CLASS = YES_ERROR;
				CLANG_WARN_QUOTED_INCLUDE_IN_FRAMEWORK_HEADER = YES;
				CLANG_WARN_RANGE_LOOP_ANALYSIS = YES;
				CLANG_WARN_STRICT_PROTOTYPES = YES;
				CLANG_WARN_SUSPICIOUS_MOVE = YES;
				CLANG_WARN_UNGUARDED_AVAILABILITY = YES_AGGRESSIVE;
				CLANG_WARN_UNREACHABLE_CODE = YES;
				CLANG_WARN__DUPLICATE_METHOD_MATCH = YES;
				COPY_PHASE_STRIP = NO;
				DEBUG_INFORMATION_FORMAT = dwarf;
				ENABLE_STRICT_OBJC_MSGSEND = YES;
				ENABLE_TESTABILITY = YES;
				GCC_C_LANGUAGE_STANDARD = gnu11;
				GCC_DYNAMIC_NO_PIC = NO;
				GCC_NO_COMMON_BLOCKS = YES;
				GCC_OPTIMIZATION_LEVEL = 0;
				GCC_PREPROCESSOR_DEFINITIONS = (
					"DEBUG=1",
					"$(inherited)",
				);
				GCC_WARN_64_TO_32_BIT_CONVERSION = YES;
				GCC_WARN_ABOUT_RETURN_TYPE = YES_ERROR;
				GCC_WARN_UNDECLARED_SELECTOR = YES;
				GCC_WARN_UNINITIALIZED_AUTOS = YES_AGGRESSIVE;
				GCC_WARN_UNUSED_FUNCTION = YES;
				GCC_WARN_UNUSED_VARIABLE = YES;
				IPHONEOS_DEPLOYMENT_TARGET = 15.0;
				MTL_ENABLE_DEBUG_INFO = INCLUDE_SOURCE;
				MTL_FAST_MATH = YES;
				ONLY_ACTIVE_ARCH = YES;
				SDKROOT = iphoneos;
				SWIFT_ACTIVE_COMPILATION_CONDITIONS = DEBUG;
				SWIFT_OPTIMIZATION_LEVEL = "-Onone";
			};
			name = Debug;
		};
		8AF3102028A2E388003B6730 /* Release */ = {
			isa = XCBuildConfiguration;
			buildSettings = {
				ALWAYS_SEARCH_USER_PATHS = NO;
				CLANG_ANALYZER_NONNULL = YES;
				CLANG_ANALYZER_NUMBER_OBJECT_CONVERSION = YES_AGGRESSIVE;
				CLANG_CXX_LANGUAGE_STANDARD = "gnu++17";
				CLANG_CXX_LIBRARY = "libc++";
				CLANG_ENABLE_MODULES = YES;
				CLANG_ENABLE_OBJC_ARC = YES;
				CLANG_ENABLE_OBJC_WEAK = YES;
				CLANG_WARN_BLOCK_CAPTURE_AUTORELEASING = YES;
				CLANG_WARN_BOOL_CONVERSION = YES;
				CLANG_WARN_COMMA = YES;
				CLANG_WARN_CONSTANT_CONVERSION = YES;
				CLANG_WARN_DEPRECATED_OBJC_IMPLEMENTATIONS = YES;
				CLANG_WARN_DIRECT_OBJC_ISA_USAGE = YES_ERROR;
				CLANG_WARN_DOCUMENTATION_COMMENTS = YES;
				CLANG_WARN_EMPTY_BODY = YES;
				CLANG_WARN_ENUM_CONVERSION = YES;
				CLANG_WARN_INFINITE_RECURSION = YES;
				CLANG_WARN_INT_CONVERSION = YES;
				CLANG_WARN_NON_LITERAL_NULL_CONVERSION = YES;
				CLANG_WARN_OBJC_IMPLICIT_RETAIN_SELF = YES;
				CLANG_WARN_OBJC_LITERAL_CONVERSION = YES;
				CLANG_WARN_OBJC_ROOT_CLASS = YES_ERROR;
				CLANG_WARN_QUOTED_INCLUDE_IN_FRAMEWORK_HEADER = YES;
				CLANG_WARN_RANGE_LOOP_ANALYSIS = YES;
				CLANG_WARN_STRICT_PROTOTYPES = YES;
				CLANG_WARN_SUSPICIOUS_MOVE = YES;
				CLANG_WARN_UNGUARDED_AVAILABILITY = YES_AGGRESSIVE;
				CLANG_WARN_UNREACHABLE_CODE = YES;
				CLANG_WARN__DUPLICATE_METHOD_MATCH = YES;
				COPY_PHASE_STRIP = NO;
				DEBUG_INFORMATION_FORMAT = "dwarf-with-dsym";
				ENABLE_NS_ASSERTIONS = NO;
				ENABLE_STRICT_OBJC_MSGSEND = YES;
				GCC_C_LANGUAGE_STANDARD = gnu11;
				GCC_NO_COMMON_BLOCKS = YES;
				GCC_WARN_64_TO_32_BIT_CONVERSION = YES;
				GCC_WARN_ABOUT_RETURN_TYPE = YES_ERROR;
				GCC_WARN_UNDECLARED_SELECTOR = YES;
				GCC_WARN_UNINITIALIZED_AUTOS = YES_AGGRESSIVE;
				GCC_WARN_UNUSED_FUNCTION = YES;
				GCC_WARN_UNUSED_VARIABLE = YES;
				IPHONEOS_DEPLOYMENT_TARGET = 15.0;
				MTL_ENABLE_DEBUG_INFO = NO;
				MTL_FAST_MATH = YES;
				SDKROOT = iphoneos;
				SWIFT_COMPILATION_MODE = wholemodule;
				SWIFT_OPTIMIZATION_LEVEL = "-O";
				VALIDATE_PRODUCT = YES;
			};
			name = Release;
		};
		8AF3102228A2E388003B6730 /* Debug */ = {
			isa = XCBuildConfiguration;
			buildSettings = {
				ASSETCATALOG_COMPILER_APPICON_NAME = AppIcon;
				ASSETCATALOG_COMPILER_GLOBAL_ACCENT_COLOR_NAME = AccentColor;
				CODE_SIGN_STYLE = Automatic;
				CURRENT_PROJECT_VERSION = 1;
				GENERATE_INFOPLIST_FILE = YES;
				INFOPLIST_FILE = "Life Rando Task/Configuration/Info.plist";
				INFOPLIST_KEY_UIApplicationSupportsIndirectInputEvents = YES;
				INFOPLIST_KEY_UILaunchStoryboardName = LaunchScreen;
				INFOPLIST_KEY_UIMainStoryboardFile = Main;
				INFOPLIST_KEY_UISupportedInterfaceOrientations_iPad = "UIInterfaceOrientationPortrait UIInterfaceOrientationPortraitUpsideDown UIInterfaceOrientationLandscapeLeft UIInterfaceOrientationLandscapeRight";
				INFOPLIST_KEY_UISupportedInterfaceOrientations_iPhone = "UIInterfaceOrientationPortrait UIInterfaceOrientationLandscapeLeft UIInterfaceOrientationLandscapeRight";
				LD_RUNPATH_SEARCH_PATHS = (
					"$(inherited)",
					"@executable_path/Frameworks",
				);
				MARKETING_VERSION = 1.0;
				PRODUCT_BUNDLE_IDENTIFIER = "com.karim.Life-Rando-Task";
				PRODUCT_NAME = "$(TARGET_NAME)";
				SWIFT_EMIT_LOC_STRINGS = YES;
				SWIFT_VERSION = 5.0;
				TARGETED_DEVICE_FAMILY = "1,2";
			};
			name = Debug;
		};
		8AF3102328A2E388003B6730 /* Release */ = {
			isa = XCBuildConfiguration;
			buildSettings = {
				ASSETCATALOG_COMPILER_APPICON_NAME = AppIcon;
				ASSETCATALOG_COMPILER_GLOBAL_ACCENT_COLOR_NAME = AccentColor;
				CODE_SIGN_STYLE = Automatic;
				CURRENT_PROJECT_VERSION = 1;
				GENERATE_INFOPLIST_FILE = YES;
				INFOPLIST_FILE = "Life Rando Task/Configuration/Info.plist";
				INFOPLIST_KEY_UIApplicationSupportsIndirectInputEvents = YES;
				INFOPLIST_KEY_UILaunchStoryboardName = LaunchScreen;
				INFOPLIST_KEY_UIMainStoryboardFile = Main;
				INFOPLIST_KEY_UISupportedInterfaceOrientations_iPad = "UIInterfaceOrientationPortrait UIInterfaceOrientationPortraitUpsideDown UIInterfaceOrientationLandscapeLeft UIInterfaceOrientationLandscapeRight";
				INFOPLIST_KEY_UISupportedInterfaceOrientations_iPhone = "UIInterfaceOrientationPortrait UIInterfaceOrientationLandscapeLeft UIInterfaceOrientationLandscapeRight";
				LD_RUNPATH_SEARCH_PATHS = (
					"$(inherited)",
					"@executable_path/Frameworks",
				);
				MARKETING_VERSION = 1.0;
				PRODUCT_BUNDLE_IDENTIFIER = "com.karim.Life-Rando-Task";
				PRODUCT_NAME = "$(TARGET_NAME)";
				SWIFT_EMIT_LOC_STRINGS = YES;
				SWIFT_VERSION = 5.0;
				TARGETED_DEVICE_FAMILY = "1,2";
			};
			name = Release;
		};
		8AF3102528A2E388003B6730 /* Debug */ = {
			isa = XCBuildConfiguration;
			buildSettings = {
				ALWAYS_EMBED_SWIFT_STANDARD_LIBRARIES = YES;
				BUNDLE_LOADER = "$(TEST_HOST)";
				CODE_SIGN_STYLE = Automatic;
				CURRENT_PROJECT_VERSION = 1;
				GENERATE_INFOPLIST_FILE = YES;
				IPHONEOS_DEPLOYMENT_TARGET = 15.0;
				LD_RUNPATH_SEARCH_PATHS = (
					"$(inherited)",
					"@executable_path/Frameworks",
					"@loader_path/Frameworks",
				);
				MARKETING_VERSION = 1.0;
				PRODUCT_BUNDLE_IDENTIFIER = "com.karim.Life-Rando-TaskTests";
				PRODUCT_NAME = "$(TARGET_NAME)";
				SWIFT_EMIT_LOC_STRINGS = NO;
				SWIFT_VERSION = 5.0;
				TARGETED_DEVICE_FAMILY = "1,2";
				TEST_HOST = "$(BUILT_PRODUCTS_DIR)/Life Rando Task.app/Life Rando Task";
			};
			name = Debug;
		};
		8AF3102628A2E388003B6730 /* Release */ = {
			isa = XCBuildConfiguration;
			buildSettings = {
				ALWAYS_EMBED_SWIFT_STANDARD_LIBRARIES = YES;
				BUNDLE_LOADER = "$(TEST_HOST)";
				CODE_SIGN_STYLE = Automatic;
				CURRENT_PROJECT_VERSION = 1;
				GENERATE_INFOPLIST_FILE = YES;
				IPHONEOS_DEPLOYMENT_TARGET = 15.0;
				LD_RUNPATH_SEARCH_PATHS = (
					"$(inherited)",
					"@executable_path/Frameworks",
					"@loader_path/Frameworks",
				);
				MARKETING_VERSION = 1.0;
				PRODUCT_BUNDLE_IDENTIFIER = "com.karim.Life-Rando-TaskTests";
				PRODUCT_NAME = "$(TARGET_NAME)";
				SWIFT_EMIT_LOC_STRINGS = NO;
				SWIFT_VERSION = 5.0;
				TARGETED_DEVICE_FAMILY = "1,2";
				TEST_HOST = "$(BUILT_PRODUCTS_DIR)/Life Rando Task.app/Life Rando Task";
			};
			name = Release;
		};
		8AF3102828A2E388003B6730 /* Debug */ = {
			isa = XCBuildConfiguration;
			buildSettings = {
				ALWAYS_EMBED_SWIFT_STANDARD_LIBRARIES = YES;
				CODE_SIGN_STYLE = Automatic;
				CURRENT_PROJECT_VERSION = 1;
				GENERATE_INFOPLIST_FILE = YES;
				LD_RUNPATH_SEARCH_PATHS = (
					"$(inherited)",
					"@executable_path/Frameworks",
					"@loader_path/Frameworks",
				);
				MARKETING_VERSION = 1.0;
				PRODUCT_BUNDLE_IDENTIFIER = "com.karim.Life-Rando-TaskUITests";
				PRODUCT_NAME = "$(TARGET_NAME)";
				SWIFT_EMIT_LOC_STRINGS = NO;
				SWIFT_VERSION = 5.0;
				TARGETED_DEVICE_FAMILY = "1,2";
				TEST_TARGET_NAME = "Life Rando Task";
			};
			name = Debug;
		};
		8AF3102928A2E388003B6730 /* Release */ = {
			isa = XCBuildConfiguration;
			buildSettings = {
				ALWAYS_EMBED_SWIFT_STANDARD_LIBRARIES = YES;
				CODE_SIGN_STYLE = Automatic;
				CURRENT_PROJECT_VERSION = 1;
				GENERATE_INFOPLIST_FILE = YES;
				LD_RUNPATH_SEARCH_PATHS = (
					"$(inherited)",
					"@executable_path/Frameworks",
					"@loader_path/Frameworks",
				);
				MARKETING_VERSION = 1.0;
				PRODUCT_BUNDLE_IDENTIFIER = "com.karim.Life-Rando-TaskUITests";
				PRODUCT_NAME = "$(TARGET_NAME)";
				SWIFT_EMIT_LOC_STRINGS = NO;
				SWIFT_VERSION = 5.0;
				TARGETED_DEVICE_FAMILY = "1,2";
				TEST_TARGET_NAME = "Life Rando Task";
			};
			name = Release;
		};
/* End XCBuildConfiguration section */

/* Begin XCConfigurationList section */
		8AF30FF228A2E384003B6730 /* Build configuration list for PBXProject "Life Rando Task" */ = {
			isa = XCConfigurationList;
			buildConfigurations = (
				8AF3101F28A2E388003B6730 /* Debug */,
				8AF3102028A2E388003B6730 /* Release */,
			);
			defaultConfigurationIsVisible = 0;
			defaultConfigurationName = Release;
		};
		8AF3102128A2E388003B6730 /* Build configuration list for PBXNativeTarget "Life Rando Task" */ = {
			isa = XCConfigurationList;
			buildConfigurations = (
				8AF3102228A2E388003B6730 /* Debug */,
				8AF3102328A2E388003B6730 /* Release */,
			);
			defaultConfigurationIsVisible = 0;
			defaultConfigurationName = Release;
		};
		8AF3102428A2E388003B6730 /* Build configuration list for PBXNativeTarget "Life Rando TaskTests" */ = {
			isa = XCConfigurationList;
			buildConfigurations = (
				8AF3102528A2E388003B6730 /* Debug */,
				8AF3102628A2E388003B6730 /* Release */,
			);
			defaultConfigurationIsVisible = 0;
			defaultConfigurationName = Release;
		};
		8AF3102728A2E388003B6730 /* Build configuration list for PBXNativeTarget "Life Rando TaskUITests" */ = {
			isa = XCConfigurationList;
			buildConfigurations = (
				8AF3102828A2E388003B6730 /* Debug */,
				8AF3102928A2E388003B6730 /* Release */,
			);
			defaultConfigurationIsVisible = 0;
			defaultConfigurationName = Release;
		};
/* End XCConfigurationList section */
	};
	rootObject = 8AF30FEF28A2E384003B6730 /* Project object */;
}
